
Microsoft Visual Studio Solution File, Format Version 12.00
# Visual Studio Version 17
VisualStudioVersion = 17.5.002.0
MinimumVisualStudioVersion = 10.0.40219.1
Project("{9A19103F-16F7-4668-BE54-9A1E7A4F7556}") = "csharp", "csharp.csproj", "{B48FA677-EF50-4D07-87CE-DFA64EC38148}"
EndProject
Global
	GlobalSection(SolutionConfigurationPlatforms) = preSolution
		Debug|Any CPU = Debug|Any CPU
		Release|Any CPU = Release|Any CPU
	EndGlobalSection
	GlobalSection(ProjectConfigurationPlatforms) = postSolution
		{B48FA677-EF50-4D07-87CE-DFA64EC38148}.Debug|Any CPU.ActiveCfg = Debug|Any CPU
		{B48FA677-EF50-4D07-87CE-DFA64EC38148}.Debug|Any CPU.Build.0 = Debug|Any CPU
		{B48FA677-EF50-4D07-87CE-DFA64EC38148}.Release|Any CPU.ActiveCfg = Release|Any CPU
		{B48FA677-EF50-4D07-87CE-DFA64EC38148}.Release|Any CPU.Build.0 = Release|Any CPU
	EndGlobalSection
	GlobalSection(SolutionProperties) = preSolution
		HideSolutionNode = FALSE
	EndGlobalSection
	GlobalSection(ExtensibilityGlobals) = postSolution
		SolutionGuid = {F47FA6DD-D5DC-4D81-BB02-87D0776824FE}
	EndGlobalSection
EndGlobal
